
Microsoft Visual Studio Solution File, Format Version 12.00
# Visual Studio Version 17
VisualStudioVersion = 17.1.32414.318
MinimumVisualStudioVersion = 10.0.40219.1
Project("{FAE04EC0-301F-11D3-BF4B-00C04F79EFBC}") = "TP-02", "TP-02\TP-02.csproj", "{8B8EF48C-1139-4275-B97F-5AE50919851F}"
EndProject
Project("{FAE04EC0-301F-11D3-BF4B-00C04F79EFBC}") = "Entidades", "Entidades\Entidades.csproj", "{F924E6D0-C919-4EB5-A794-5BAFF18D25EA}"
EndProject
Global
	GlobalSection(SolutionConfigurationPlatforms) = preSolution
		Debug|Any CPU = Debug|Any CPU
		Release|Any CPU = Release|Any CPU
	EndGlobalSection
	GlobalSection(ProjectConfigurationPlatforms) = postSolution
		{8B8EF48C-1139-4275-B97F-5AE50919851F}.Debug|Any CPU.ActiveCfg = Debug|Any CPU
		{8B8EF48C-1139-4275-B97F-5AE50919851F}.Debug|Any CPU.Build.0 = Debug|Any CPU
		{8B8EF48C-1139-4275-B97F-5AE50919851F}.Release|Any CPU.ActiveCfg = Release|Any CPU
		{8B8EF48C-1139-4275-B97F-5AE50919851F}.Release|Any CPU.Build.0 = Release|Any CPU
		{F924E6D0-C919-4EB5-A794-5BAFF18D25EA}.Debug|Any CPU.ActiveCfg = Debug|Any CPU
		{F924E6D0-C919-4EB5-A794-5BAFF18D25EA}.Debug|Any CPU.Build.0 = Debug|Any CPU
		{F924E6D0-C919-4EB5-A794-5BAFF18D25EA}.Release|Any CPU.ActiveCfg = Release|Any CPU
		{F924E6D0-C919-4EB5-A794-5BAFF18D25EA}.Release|Any CPU.Build.0 = Release|Any CPU
	EndGlobalSection
	GlobalSection(SolutionProperties) = preSolution
		HideSolutionNode = FALSE
	EndGlobalSection
	GlobalSection(ExtensibilityGlobals) = postSolution
		SolutionGuid = {FFB8CEEE-424C-45EE-BFD6-E948D7145CBE}
	EndGlobalSection
EndGlobal
